
Microsoft Visual Studio Solution File, Format Version 12.00
# Visual Studio Version 16
VisualStudioVersion = 16.0.30503.244
MinimumVisualStudioVersion = 10.0.40219.1
Project("{9A19103F-16F7-4668-BE54-9A1E7A4F7556}") = "BethanysPieShop", "BethanysPieShop\BethanysPieShop.csproj", "{33B30270-7C43-452D-8898-C2B057E56B86}"
EndProject
Global
	GlobalSection(SolutionConfigurationPlatforms) = preSolution
		Debug|Any CPU = Debug|Any CPU
		Release|Any CPU = Release|Any CPU
	EndGlobalSection
	GlobalSection(ProjectConfigurationPlatforms) = postSolution
		{33B30270-7C43-452D-8898-C2B057E56B86}.Debug|Any CPU.ActiveCfg = Debug|Any CPU
		{33B30270-7C43-452D-8898-C2B057E56B86}.Debug|Any CPU.Build.0 = Debug|Any CPU
		{33B30270-7C43-452D-8898-C2B057E56B86}.Release|Any CPU.ActiveCfg = Release|Any CPU
		{33B30270-7C43-452D-8898-C2B057E56B86}.Release|Any CPU.Build.0 = Release|Any CPU
	EndGlobalSection
	GlobalSection(SolutionProperties) = preSolution
		HideSolutionNode = FALSE
	EndGlobalSection
	GlobalSection(ExtensibilityGlobals) = postSolution
		SolutionGuid = {12951841-3569-43EF-B05F-1801D8FA0230}
	EndGlobalSection
EndGlobal
